
Microsoft Visual Studio Solution File, Format Version 12.00
# Visual Studio Version 17
VisualStudioVersion = 17.7.34221.43
MinimumVisualStudioVersion = 10.0.40219.1
Project("{FAE04EC0-301F-11D3-BF4B-00C04F79EFBC}") = "Practica 16", "Practica 16.csproj", "{D0F93C3A-F6B4-4F11-A7D9-9DC07C43BCE4}"
EndProject
Global
	GlobalSection(SolutionConfigurationPlatforms) = preSolution
		Debug|Any CPU = Debug|Any CPU
		Release|Any CPU = Release|Any CPU
	EndGlobalSection
	GlobalSection(ProjectConfigurationPlatforms) = postSolution
		{D0F93C3A-F6B4-4F11-A7D9-9DC07C43BCE4}.Debug|Any CPU.ActiveCfg = Debug|Any CPU
		{D0F93C3A-F6B4-4F11-A7D9-9DC07C43BCE4}.Debug|Any CPU.Build.0 = Debug|Any CPU
		{D0F93C3A-F6B4-4F11-A7D9-9DC07C43BCE4}.Release|Any CPU.ActiveCfg = Release|Any CPU
		{D0F93C3A-F6B4-4F11-A7D9-9DC07C43BCE4}.Release|Any CPU.Build.0 = Release|Any CPU
	EndGlobalSection
	GlobalSection(SolutionProperties) = preSolution
		HideSolutionNode = FALSE
	EndGlobalSection
	GlobalSection(ExtensibilityGlobals) = postSolution
		SolutionGuid = {8B8B9F00-54B1-42EB-A0E6-E042FC7FBF7C}
	EndGlobalSection
EndGlobal
